<Solution>
  <Project Path="ComplementarDois_Circulo/ComplementarDois_Circulo.csproj" Id="be9d78c1-16d9-47b2-9fab-7f23dd31ddf8" />
  <Project Path="PrimeiroProjeto/PrimeiroProjeto.csproj" />
  <Project Path="SegundoProjeto/SegundoProjeto.csproj" Id="eb543089-98a2-4b48-a5e0-1edaaa7f44dd" />
</Solution>
